
Microsoft Visual Studio Solution File, Format Version 12.00
# Visual Studio Version 17
VisualStudioVersion = 17.7.34031.279
MinimumVisualStudioVersion = 10.0.40219.1
Project("{8BC9CEB8-8B4A-11D0-8D11-00A0C91BC942}") = "Game Engine", "Game Engine.vcxproj", "{146E7D59-D83D-4555-86C6-D8D77273DDD5}"
EndProject
Global
	GlobalSection(SolutionConfigurationPlatforms) = preSolution
		Debug|x64 = Debug|x64
		Debug|x86 = Debug|x86
		Release|x64 = Release|x64
		Release|x86 = Release|x86
	EndGlobalSection
	GlobalSection(ProjectConfigurationPlatforms) = postSolution
		{146E7D59-D83D-4555-86C6-D8D77273DDD5}.Debug|x64.ActiveCfg = Debug|x64
		{146E7D59-D83D-4555-86C6-D8D77273DDD5}.Debug|x64.Build.0 = Debug|x64
		{146E7D59-D83D-4555-86C6-D8D77273DDD5}.Debug|x86.ActiveCfg = Debug|Win32
		{146E7D59-D83D-4555-86C6-D8D77273DDD5}.Debug|x86.Build.0 = Debug|Win32
		{146E7D59-D83D-4555-86C6-D8D77273DDD5}.Release|x64.ActiveCfg = Release|x64
		{146E7D59-D83D-4555-86C6-D8D77273DDD5}.Release|x64.Build.0 = Release|x64
		{146E7D59-D83D-4555-86C6-D8D77273DDD5}.Release|x86.ActiveCfg = Release|Win32
		{146E7D59-D83D-4555-86C6-D8D77273DDD5}.Release|x86.Build.0 = Release|Win32
	EndGlobalSection
	GlobalSection(SolutionProperties) = preSolution
		HideSolutionNode = FALSE
	EndGlobalSection
	GlobalSection(ExtensibilityGlobals) = postSolution
		SolutionGuid = {BC285B07-E0D1-4F4B-AF3F-CB7FA1815BCB}
	EndGlobalSection
EndGlobal
